// !$*UTF8*$!
{
	archiveVersion = 1;
	classes = {
	};
	objectVersion = 50;
	objects = {

/* Begin PBXBuildFile section */
		313980B7230FAF8200CA3D4D /* AppDelegate.swift in Sources */ = {isa = PBXBuildFile; fileRef = 313980B6230FAF8200CA3D4D /* AppDelegate.swift */; };
		313980B9230FAF8200CA3D4D /* ViewController.swift in Sources */ = {isa = PBXBuildFile; fileRef = 313980B8230FAF8200CA3D4D /* ViewController.swift */; };
		313980BC230FAF8200CA3D4D /* Main.storyboard in Resources */ = {isa = PBXBuildFile; fileRef = 313980BA230FAF8200CA3D4D /* Main.storyboard */; };
		313980BE230FAF8300CA3D4D /* Assets.xcassets in Resources */ = {isa = PBXBuildFile; fileRef = 313980BD230FAF8300CA3D4D /* Assets.xcassets */; };
		313980C1230FAF8300CA3D4D /* LaunchScreen.storyboard in Resources */ = {isa = PBXBuildFile; fileRef = 313980BF230FAF8300CA3D4D /* LaunchScreen.storyboard */; };
		313980CC230FAF8300CA3D4D /* MapTests.swift in Sources */ = {isa = PBXBuildFile; fileRef = 313980CB230FAF8300CA3D4D /* MapTests.swift */; };
		313980D7230FAF8300CA3D4D /* MapUITests.swift in Sources */ = {isa = PBXBuildFile; fileRef = 313980D6230FAF8300CA3D4D /* MapUITests.swift */; };
/* End PBXBuildFile section */

/* Begin PBXContainerItemProxy section */
		313980C8230FAF8300CA3D4D /* PBXContainerItemProxy */ = {
			isa = PBXContainerItemProxy;
			containerPortal = 313980AB230FAF8200CA3D4D /* Project object */;
			proxyType = 1;
			remoteGlobalIDString = 313980B2230FAF8200CA3D4D;
			remoteInfo = Map;
		};
		313980D3230FAF8300CA3D4D /* PBXContainerItemProxy */ = {
			isa = PBXContainerItemProxy;
			containerPortal = 313980AB230FAF8200CA3D4D /* Project object */;
			proxyType = 1;
			remoteGlobalIDString = 313980B2230FAF8200CA3D4D;
			remoteInfo = Map;
		};
/* End PBXContainerItemProxy section */

/* Begin PBXFileReference section */
		313980B3230FAF8200CA3D4D /* Map.app */ = {isa = PBXFileReference; explicitFileType = wrapper.application; includeInIndex = 0; path = Map.app; sourceTree = BUILT_PRODUCTS_DIR; };
		313980B6230FAF8200CA3D4D /* AppDelegate.swift */ = {isa = PBXFileReference; lastKnownFileType = sourcecode.swift; path = AppDelegate.swift; sourceTree = "<group>"; };
		313980B8230FAF8200CA3D4D /* ViewController.swift */ = {isa = PBXFileReference; lastKnownFileType = sourcecode.swift; path = ViewController.swift; sourceTree = "<group>"; };
		313980BB230FAF8200CA3D4D /* Base */ = {isa = PBXFileReference; lastKnownFileType = file.storyboard; name = Base; path = Base.lproj/Main.storyboard; sourceTree = "<group>"; };
		313980BD230FAF8300CA3D4D /* Assets.xcassets */ = {isa = PBXFileReference; lastKnownFileType = folder.assetcatalog; path = Assets.xcassets; sourceTree = "<group>"; };
		313980C0230FAF8300CA3D4D /* Base */ = {isa = PBXFileReference; lastKnownFileType = file.storyboard; name = Base; path = Base.lproj/LaunchScreen.storyboard; sourceTree = "<group>"; };
		313980C2230FAF8300CA3D4D /* Info.plist */ = {isa = PBXFileReference; lastKnownFileType = text.plist.xml; path = Info.plist; sourceTree = "<group>"; };
		313980C7230FAF8300CA3D4D /* MapTests.xctest */ = {isa = PBXFileReference; explicitFileType = wrapper.cfbundle; includeInIndex = 0; path = MapTests.xctest; sourceTree = BUILT_PRODUCTS_DIR; };
		313980CB230FAF8300CA3D4D /* MapTests.swift */ = {isa = PBXFileReference; lastKnownFileType = sourcecode.swift; path = MapTests.swift; sourceTree = "<group>"; };
		313980CD230FAF8300CA3D4D /* Info.plist */ = {isa = PBXFileReference; lastKnownFileType = text.plist.xml; path = Info.plist; sourceTree = "<group>"; };
		313980D2230FAF8300CA3D4D /* MapUITests.xctest */ = {isa = PBXFileReference; explicitFileType = wrapper.cfbundle; includeInIndex = 0; path = MapUITests.xctest; sourceTree = BUILT_PRODUCTS_DIR; };
		313980D6230FAF8300CA3D4D /* MapUITests.swift */ = {isa = PBXFileReference; lastKnownFileType = sourcecode.swift; path = MapUITests.swift; sourceTree = "<group>"; };
		313980D8230FAF8300CA3D4D /* Info.plist */ = {isa = PBXFileReference; lastKnownFileType = text.plist.xml; path = Info.plist; sourceTree = "<group>"; };
/* End PBXFileReference section */

/* Begin PBXFrameworksBuildPhase section */
		313980B0230FAF8200CA3D4D /* Frameworks */ = {
			isa = PBXFrameworksBuildPhase;
			buildActionMask = 2147483647;
			files = (
			);
			runOnlyForDeploymentPostprocessing = 0;
		};
		313980C4230FAF8300CA3D4D /* Frameworks */ = {
			isa = PBXFrameworksBuildPhase;
			buildActionMask = 2147483647;
			files = (
			);
			runOnlyForDeploymentPostprocessing = 0;
		};
		313980CF230FAF8300CA3D4D /* Frameworks */ = {
			isa = PBXFrameworksBuildPhase;
			buildActionMask = 2147483647;
			files = (
			);
			runOnlyForDeploymentPostprocessing = 0;
		};
/* End PBXFrameworksBuildPhase section */

/* Begin PBXGroup section */
		313980AA230FAF8200CA3D4D = {
			isa = PBXGroup;
			children = (
				313980B5230FAF8200CA3D4D /* Map */,
				313980CA230FAF8300CA3D4D /* MapTests */,
				313980D5230FAF8300CA3D4D /* MapUITests */,
				313980B4230FAF8200CA3D4D /* Products */,
			);
			sourceTree = "<group>";
		};
		313980B4230FAF8200CA3D4D /* Products */ = {
			isa = PBXGroup;
			children = (
				313980B3230FAF8200CA3D4D /* Map.app */,
				313980C7230FAF8300CA3D4D /* MapTests.xctest */,
				313980D2230FAF8300CA3D4D /* MapUITests.xctest */,
			);
			name = Products;
			sourceTree = "<group>";
		};
		313980B5230FAF8200CA3D4D /* Map */ = {
			isa = PBXGroup;
			children = (
				313980B6230FAF8200CA3D4D /* AppDelegate.swift */,
				313980B8230FAF8200CA3D4D /* ViewController.swift */,
				313980BA230FAF8200CA3D4D /* Main.storyboard */,
				313980BD230FAF8300CA3D4D /* Assets.xcassets */,
				313980BF230FAF8300CA3D4D /* LaunchScreen.storyboard */,
				313980C2230FAF8300CA3D4D /* Info.plist */,
			);
			path = Map;
			sourceTree = "<group>";
		};
		313980CA230FAF8300CA3D4D /* MapTests */ = {
			isa = PBXGroup;
			children = (
				313980CB230FAF8300CA3D4D /* MapTests.swift */,
				313980CD230FAF8300CA3D4D /* Info.plist */,
			);
			path = MapTests;
			sourceTree = "<group>";
		};
		313980D5230FAF8300CA3D4D /* MapUITests */ = {
			isa = PBXGroup;
			children = (
				313980D6230FAF8300CA3D4D /* MapUITests.swift */,
				313980D8230FAF8300CA3D4D /* Info.plist */,
			);
			path = MapUITests;
			sourceTree = "<group>";
		};
/* End PBXGroup section */

/* Begin PBXNativeTarget section */
		313980B2230FAF8200CA3D4D /* Map */ = {
			isa = PBXNativeTarget;
			buildConfigurationList = 313980DB230FAF8300CA3D4D /* Build configuration list for PBXNativeTarget "Map" */;
			buildPhases = (
				313980AF230FAF8200CA3D4D /* Sources */,
				313980B0230FAF8200CA3D4D /* Frameworks */,
				313980B1230FAF8200CA3D4D /* Resources */,
			);
			buildRules = (
			);
			dependencies = (
			);
			name = Map;
			productName = Map;
			productReference = 313980B3230FAF8200CA3D4D /* Map.app */;
			productType = "com.apple.product-type.application";
		};
		313980C6230FAF8300CA3D4D /* MapTests */ = {
			isa = PBXNativeTarget;
			buildConfigurationList = 313980DE230FAF8300CA3D4D /* Build configuration list for PBXNativeTarget "MapTests" */;
			buildPhases = (
				313980C3230FAF8300CA3D4D /* Sources */,
				313980C4230FAF8300CA3D4D /* Frameworks */,
				313980C5230FAF8300CA3D4D /* Resources */,
			);
			buildRules = (
			);
			dependencies = (
				313980C9230FAF8300CA3D4D /* PBXTargetDependency */,
			);
			name = MapTests;
			productName = MapTests;
			productReference = 313980C7230FAF8300CA3D4D /* MapTests.xctest */;
			productType = "com.apple.product-type.bundle.unit-test";
		};
		313980D1230FAF8300CA3D4D /* MapUITests */ = {
			isa = PBXNativeTarget;
			buildConfigurationList = 313980E1230FAF8300CA3D4D /* Build configuration list for PBXNativeTarget "MapUITests" */;
			buildPhases = (
				313980CE230FAF8300CA3D4D /* Sources */,
				313980CF230FAF8300CA3D4D /* Frameworks */,
				313980D0230FAF8300CA3D4D /* Resources */,
			);
			buildRules = (
			);
			dependencies = (
				313980D4230FAF8300CA3D4D /* PBXTargetDependency */,
			);
			name = MapUITests;
			productName = MapUITests;
			productReference = 313980D2230FAF8300CA3D4D /* MapUITests.xctest */;
			productType = "com.apple.product-type.bundle.ui-testing";
		};
/* End PBXNativeTarget section */

/* Begin PBXProject section */
		313980AB230FAF8200CA3D4D /* Project object */ = {
			isa = PBXProject;
			attributes = {
				LastSwiftUpdateCheck = 1030;
				LastUpgradeCheck = 1030;
				ORGANIZATIONNAME = "石川　太洋";
				TargetAttributes = {
					313980B2230FAF8200CA3D4D = {
						CreatedOnToolsVersion = 10.3;
					};
					313980C6230FAF8300CA3D4D = {
						CreatedOnToolsVersion = 10.3;
						TestTargetID = 313980B2230FAF8200CA3D4D;
					};
					313980D1230FAF8300CA3D4D = {
						CreatedOnToolsVersion = 10.3;
						TestTargetID = 313980B2230FAF8200CA3D4D;
					};
				};
			};
			buildConfigurationList = 313980AE230FAF8200CA3D4D /* Build configuration list for PBXProject "Map" */;
			compatibilityVersion = "Xcode 9.3";
			developmentRegion = en;
			hasScannedForEncodings = 0;
			knownRegions = (
				en,
				Base,
			);
			mainGroup = 313980AA230FAF8200CA3D4D;
			productRefGroup = 313980B4230FAF8200CA3D4D /* Products */;
			projectDirPath = "";
			projectRoot = "";
			targets = (
				313980B2230FAF8200CA3D4D /* Map */,
				313980C6230FAF8300CA3D4D /* MapTests */,
				313980D1230FAF8300CA3D4D /* MapUITests */,
			);
		};
/* End PBXProject section */

/* Begin PBXResourcesBuildPhase section */
		313980B1230FAF8200CA3D4D /* Resources */ = {
			isa = PBXResourcesBuildPhase;
			buildActionMask = 2147483647;
			files = (
				313980C1230FAF8300CA3D4D /* LaunchScreen.storyboard in Resources */,
				313980BE230FAF8300CA3D4D /* Assets.xcassets in Resources */,
				313980BC230FAF8200CA3D4D /* Main.storyboard in Resources */,
			);
			runOnlyForDeploymentPostprocessing = 0;
		};
		313980C5230FAF8300CA3D4D /* Resources */ = {
			isa = PBXResourcesBuildPhase;
			buildActionMask = 2147483647;
			files = (
			);
			runOnlyForDeploymentPostprocessing = 0;
		};
		313980D0230FAF8300CA3D4D /* Resources */ = {
			isa = PBXResourcesBuildPhase;
			buildActionMask = 2147483647;
			files = (
			);
			runOnlyForDeploymentPostprocessing = 0;
		};
/* End PBXResourcesBuildPhase section */

/* Begin PBXSourcesBuildPhase section */
		313980AF230FAF8200CA3D4D /* Sources */ = {
			isa = PBXSourcesBuildPhase;
			buildActionMask = 2147483647;
			files = (
				313980B9230FAF8200CA3D4D /* ViewController.swift in Sources */,
				313980B7230FAF8200CA3D4D /* AppDelegate.swift in Sources */,
			);
			runOnlyForDeploymentPostprocessing = 0;
		};
		313980C3230FAF8300CA3D4D /* Sources */ = {
			isa = PBXSourcesBuildPhase;
			buildActionMask = 2147483647;
			files = (
				313980CC230FAF8300CA3D4D /* MapTests.swift in Sources */,
			);
			runOnlyForDeploymentPostprocessing = 0;
		};
		313980CE230FAF8300CA3D4D /* Sources */ = {
			isa = PBXSourcesBuildPhase;
			buildActionMask = 2147483647;
			files = (
				313980D7230FAF8300CA3D4D /* MapUITests.swift in Sources */,
			);
			runOnlyForDeploymentPostprocessing = 0;
		};
/* End PBXSourcesBuildPhase section */

/* Begin PBXTargetDependency section */
		313980C9230FAF8300CA3D4D /* PBXTargetDependency */ = {
			isa = PBXTargetDependency;
			target = 313980B2230FAF8200CA3D4D /* Map */;
			targetProxy = 313980C8230FAF8300CA3D4D /* PBXContainerItemProxy */;
		};
		313980D4230FAF8300CA3D4D /* PBXTargetDependency */ = {
			isa = PBXTargetDependency;
			target = 313980B2230FAF8200CA3D4D /* Map */;
			targetProxy = 313980D3230FAF8300CA3D4D /* PBXContainerItemProxy */;
		};
/* End PBXTargetDependency section */

/* Begin PBXVariantGroup section */
		313980BA230FAF8200CA3D4D /* Main.storyboard */ = {
			isa = PBXVariantGroup;
			children = (
				313980BB230FAF8200CA3D4D /* Base */,
			);
			name = Main.storyboard;
			sourceTree = "<group>";
		};
		313980BF230FAF8300CA3D4D /* LaunchScreen.storyboard */ = {
			isa = PBXVariantGroup;
			children = (
				313980C0230FAF8300CA3D4D /* Base */,
			);
			name = LaunchScreen.storyboard;
			sourceTree = "<group>";
		};
/* End PBXVariantGroup section */

/* Begin XCBuildConfiguration section */
		313980D9230FAF8300CA3D4D /* Debug */ = {
			isa = XCBuildConfiguration;
			buildSettings = {
				ALWAYS_SEARCH_USER_PATHS = NO;
				CLANG_ANALYZER_NONNULL = YES;
				CLANG_ANALYZER_NUMBER_OBJECT_CONVERSION = YES_AGGRESSIVE;
				CLANG_CXX_LANGUAGE_STANDARD = "gnu++14";
				CLANG_CXX_LIBRARY = "libc++";
				CLANG_ENABLE_MODULES = YES;
				CLANG_ENABLE_OBJC_ARC = YES;
				CLANG_ENABLE_OBJC_WEAK = YES;
				CLANG_WARN_BLOCK_CAPTURE_AUTORELEASING = YES;
				CLANG_WARN_BOOL_CONVERSION = YES;
				CLANG_WARN_COMMA = YES;
				CLANG_WARN_CONSTANT_CONVERSION = YES;
				CLANG_WARN_DEPRECATED_OBJC_IMPLEMENTATIONS = YES;
				CLANG_WARN_DIRECT_OBJC_ISA_USAGE = YES_ERROR;
				CLANG_WARN_DOCUMENTATION_COMMENTS = YES;
				CLANG_WARN_EMPTY_BODY = YES;
				CLANG_WARN_ENUM_CONVERSION = YES;
				CLANG_WARN_INFINITE_RECURSION = YES;
				CLANG_WARN_INT_CONVERSION = YES;
				CLANG_WARN_NON_LITERAL_NULL_CONVERSION = YES;
				CLANG_WARN_OBJC_IMPLICIT_RETAIN_SELF = YES;
				CLANG_WARN_OBJC_LITERAL_CONVERSION = YES;
				CLANG_WARN_OBJC_ROOT_CLASS = YES_ERROR;
				CLANG_WARN_RANGE_LOOP_ANALYSIS = YES;
				CLANG_WARN_STRICT_PROTOTYPES = YES;
				CLANG_WARN_SUSPICIOUS_MOVE = YES;
				CLANG_WARN_UNGUARDED_AVAILABILITY = YES_AGGRESSIVE;
				CLANG_WARN_UNREACHABLE_CODE = YES;
				CLANG_WARN__DUPLICATE_METHOD_MATCH = YES;
				CODE_SIGN_IDENTITY = "iPhone Developer";
				COPY_PHASE_STRIP = NO;
				DEBUG_INFORMATION_FORMAT = dwarf;
				ENABLE_STRICT_OBJC_MSGSEND = YES;
				ENABLE_TESTABILITY = YES;
				GCC_C_LANGUAGE_STANDARD = gnu11;
				GCC_DYNAMIC_NO_PIC = NO;
				GCC_NO_COMMON_BLOCKS = YES;
				GCC_OPTIMIZATION_LEVEL = 0;
				GCC_PREPROCESSOR_DEFINITIONS = (
					"DEBUG=1",
					"$(inherited)",
				);
				GCC_WARN_64_TO_32_BIT_CONVERSION = YES;
				GCC_WARN_ABOUT_RETURN_TYPE = YES_ERROR;
				GCC_WARN_UNDECLARED_SELECTOR = YES;
				GCC_WARN_UNINITIALIZED_AUTOS = YES_AGGRESSIVE;
				GCC_WARN_UNUSED_FUNCTION = YES;
				GCC_WARN_UNUSED_VARIABLE = YES;
				IPHONEOS_DEPLOYMENT_TARGET = 12.4;
				MTL_ENABLE_DEBUG_INFO = INCLUDE_SOURCE;
				MTL_FAST_MATH = YES;
				ONLY_ACTIVE_ARCH = YES;
				SDKROOT = iphoneos;
				SWIFT_ACTIVE_COMPILATION_CONDITIONS = DEBUG;
				SWIFT_OPTIMIZATION_LEVEL = "-Onone";
			};
			name = Debug;
		};
		313980DA230FAF8300CA3D4D /* Release */ = {
			isa = XCBuildConfiguration;
			buildSettings = {
				ALWAYS_SEARCH_USER_PATHS = NO;
				CLANG_ANALYZER_NONNULL = YES;
				CLANG_ANALYZER_NUMBER_OBJECT_CONVERSION = YES_AGGRESSIVE;
				CLANG_CXX_LANGUAGE_STANDARD = "gnu++14";
				CLANG_CXX_LIBRARY = "libc++";
				CLANG_ENABLE_MODULES = YES;
				CLANG_ENABLE_OBJC_ARC = YES;
				CLANG_ENABLE_OBJC_WEAK = YES;
				CLANG_WARN_BLOCK_CAPTURE_AUTORELEASING = YES;
				CLANG_WARN_BOOL_CONVERSION = YES;
				CLANG_WARN_COMMA = YES;
				CLANG_WARN_CONSTANT_CONVERSION = YES;
				CLANG_WARN_DEPRECATED_OBJC_IMPLEMENTATIONS = YES;
				CLANG_WARN_DIRECT_OBJC_ISA_USAGE = YES_ERROR;
				CLANG_WARN_DOCUMENTATION_COMMENTS = YES;
				CLANG_WARN_EMPTY_BODY = YES;
				CLANG_WARN_ENUM_CONVERSION = YES;
				CLANG_WARN_INFINITE_RECURSION = YES;
				CLANG_WARN_INT_CONVERSION = YES;
				CLANG_WARN_NON_LITERAL_NULL_CONVERSION = YES;
				CLANG_WARN_OBJC_IMPLICIT_RETAIN_SELF = YES;
				CLANG_WARN_OBJC_LITERAL_CONVERSION = YES;
				CLANG_WARN_OBJC_ROOT_CLASS = YES_ERROR;
				CLANG_WARN_RANGE_LOOP_ANALYSIS = YES;
				CLANG_WARN_STRICT_PROTOTYPES = YES;
				CLANG_WARN_SUSPICIOUS_MOVE = YES;
				CLANG_WARN_UNGUARDED_AVAILABILITY = YES_AGGRESSIVE;
				CLANG_WARN_UNREACHABLE_CODE = YES;
				CLANG_WARN__DUPLICATE_METHOD_MATCH = YES;
				CODE_SIGN_IDENTITY = "iPhone Developer";
				COPY_PHASE_STRIP = NO;
				DEBUG_INFORMATION_FORMAT = "dwarf-with-dsym";
				ENABLE_NS_ASSERTIONS = NO;
				ENABLE_STRICT_OBJC_MSGSEND = YES;
				GCC_C_LANGUAGE_STANDARD = gnu11;
				GCC_NO_COMMON_BLOCKS = YES;
				GCC_WARN_64_TO_32_BIT_CONVERSION = YES;
				GCC_WARN_ABOUT_RETURN_TYPE = YES_ERROR;
				GCC_WARN_UNDECLARED_SELECTOR = YES;
				GCC_WARN_UNINITIALIZED_AUTOS = YES_AGGRESSIVE;
				GCC_WARN_UNUSED_FUNCTION = YES;
				GCC_WARN_UNUSED_VARIABLE = YES;
				IPHONEOS_DEPLOYMENT_TARGET = 12.4;
				MTL_ENABLE_DEBUG_INFO = NO;
				MTL_FAST_MATH = YES;
				SDKROOT = iphoneos;
				SWIFT_COMPILATION_MODE = wholemodule;
				SWIFT_OPTIMIZATION_LEVEL = "-O";
				VALIDATE_PRODUCT = YES;
			};
			name = Release;
		};
		313980DC230FAF8300CA3D4D /* Debug */ = {
			isa = XCBuildConfiguration;
			buildSettings = {
				ASSETCATALOG_COMPILER_APPICON_NAME = AppIcon;
				CODE_SIGN_STYLE = Automatic;
				DEVELOPMENT_TEAM = T42UMZWD55;
				INFOPLIST_FILE = Map/Info.plist;
				LD_RUNPATH_SEARCH_PATHS = (
					"$(inherited)",
					"@executable_path/Frameworks",
				);
				PRODUCT_BUNDLE_IDENTIFIER = taiyo.Map;
				PRODUCT_NAME = "$(TARGET_NAME)";
				SWIFT_VERSION = 5.0;
				TARGETED_DEVICE_FAMILY = "1,2";
			};
			name = Debug;
		};
		313980DD230FAF8300CA3D4D /* Release */ = {
			isa = XCBuildConfiguration;
			buildSettings = {
				ASSETCATALOG_COMPILER_APPICON_NAME = AppIcon;
				CODE_SIGN_STYLE = Automatic;
				DEVELOPMENT_TEAM = T42UMZWD55;
				INFOPLIST_FILE = Map/Info.plist;
				LD_RUNPATH_SEARCH_PATHS = (
					"$(inherited)",
					"@executable_path/Frameworks",
				);
				PRODUCT_BUNDLE_IDENTIFIER = taiyo.Map;
				PRODUCT_NAME = "$(TARGET_NAME)";
				SWIFT_VERSION = 5.0;
				TARGETED_DEVICE_FAMILY = "1,2";
			};
			name = Release;
		};
		313980DF230FAF8300CA3D4D /* Debug */ = {
			isa = XCBuildConfiguration;
			buildSettings = {
				ALWAYS_EMBED_SWIFT_STANDARD_LIBRARIES = YES;
				BUNDLE_LOADER = "$(TEST_HOST)";
				CODE_SIGN_STYLE = Automatic;
				DEVELOPMENT_TEAM = T42UMZWD55;
				INFOPLIST_FILE = MapTests/Info.plist;
				LD_RUNPATH_SEARCH_PATHS = (
					"$(inherited)",
					"@executable_path/Frameworks",
					"@loader_path/Frameworks",
				);
				PRODUCT_BUNDLE_IDENTIFIER = taiyo.MapTests;
				PRODUCT_NAME = "$(TARGET_NAME)";
				SWIFT_VERSION = 5.0;
				TARGETED_DEVICE_FAMILY = "1,2";
				TEST_HOST = "$(BUILT_PRODUCTS_DIR)/Map.app/Map";
			};
			name = Debug;
		};
		313980E0230FAF8300CA3D4D /* Release */ = {
			isa = XCBuildConfiguration;
			buildSettings = {
				ALWAYS_EMBED_SWIFT_STANDARD_LIBRARIES = YES;
				BUNDLE_LOADER = "$(TEST_HOST)";
				CODE_SIGN_STYLE = Automatic;
				DEVELOPMENT_TEAM = T42UMZWD55;
				INFOPLIST_FILE = MapTests/Info.plist;
				LD_RUNPATH_SEARCH_PATHS = (
					"$(inherited)",
					"@executable_path/Frameworks",
					"@loader_path/Frameworks",
				);
				PRODUCT_BUNDLE_IDENTIFIER = taiyo.MapTests;
				PRODUCT_NAME = "$(TARGET_NAME)";
				SWIFT_VERSION = 5.0;
				TARGETED_DEVICE_FAMILY = "1,2";
				TEST_HOST = "$(BUILT_PRODUCTS_DIR)/Map.app/Map";
			};
			name = Release;
		};
		313980E2230FAF8300CA3D4D /* Debug */ = {
			isa = XCBuildConfiguration;
			buildSettings = {
				ALWAYS_EMBED_SWIFT_STANDARD_LIBRARIES = YES;
				CODE_SIGN_STYLE = Automatic;
				DEVELOPMENT_TEAM = T42UMZWD55;
				INFOPLIST_FILE = MapUITests/Info.plist;
				LD_RUNPATH_SEARCH_PATHS = (
					"$(inherited)",
					"@executable_path/Frameworks",
					"@loader_path/Frameworks",
				);
				PRODUCT_BUNDLE_IDENTIFIER = taiyo.MapUITests;
				PRODUCT_NAME = "$(TARGET_NAME)";
				SWIFT_VERSION = 5.0;
				TARGETED_DEVICE_FAMILY = "1,2";
				TEST_TARGET_NAME = Map;
			};
			name = Debug;
		};
		313980E3230FAF8300CA3D4D /* Release */ = {
			isa = XCBuildConfiguration;
			buildSettings = {
				ALWAYS_EMBED_SWIFT_STANDARD_LIBRARIES = YES;
				CODE_SIGN_STYLE = Automatic;
				DEVELOPMENT_TEAM = T42UMZWD55;
				INFOPLIST_FILE = MapUITests/Info.plist;
				LD_RUNPATH_SEARCH_PATHS = (
					"$(inherited)",
					"@executable_path/Frameworks",
					"@loader_path/Frameworks",
				);
				PRODUCT_BUNDLE_IDENTIFIER = taiyo.MapUITests;
				PRODUCT_NAME = "$(TARGET_NAME)";
				SWIFT_VERSION = 5.0;
				TARGETED_DEVICE_FAMILY = "1,2";
				TEST_TARGET_NAME = Map;
			};
			name = Release;
		};
/* End XCBuildConfiguration section */

/* Begin XCConfigurationList section */
		313980AE230FAF8200CA3D4D /* Build configuration list for PBXProject "Map" */ = {
			isa = XCConfigurationList;
			buildConfigurations = (
				313980D9230FAF8300CA3D4D /* Debug */,
				313980DA230FAF8300CA3D4D /* Release */,
			);
			defaultConfigurationIsVisible = 0;
			defaultConfigurationName = Release;
		};
		313980DB230FAF8300CA3D4D /* Build configuration list for PBXNativeTarget "Map" */ = {
			isa = XCConfigurationList;
			buildConfigurations = (
				313980DC230FAF8300CA3D4D /* Debug */,
				313980DD230FAF8300CA3D4D /* Release */,
			);
			defaultConfigurationIsVisible = 0;
			defaultConfigurationName = Release;
		};
		313980DE230FAF8300CA3D4D /* Build configuration list for PBXNativeTarget "MapTests" */ = {
			isa = XCConfigurationList;
			buildConfigurations = (
				313980DF230FAF8300CA3D4D /* Debug */,
				313980E0230FAF8300CA3D4D /* Release */,
			);
			defaultConfigurationIsVisible = 0;
			defaultConfigurationName = Release;
		};
		313980E1230FAF8300CA3D4D /* Build configuration list for PBXNativeTarget "MapUITests" */ = {
			isa = XCConfigurationList;
			buildConfigurations = (
				313980E2230FAF8300CA3D4D /* Debug */,
				313980E3230FAF8300CA3D4D /* Release */,
			);
			defaultConfigurationIsVisible = 0;
			defaultConfigurationName = Release;
		};
/* End XCConfigurationList section */
	};
	rootObject = 313980AB230FAF8200CA3D4D /* Project object */;
}
